
Microsoft Visual Studio Solution File, Format Version 12.00
# Visual Studio Version 16
VisualStudioVersion = 16.0.29009.5
MinimumVisualStudioVersion = 10.0.40219.1
Project("{FAE04EC0-301F-11D3-BF4B-00C04F79EFBC}") = "QuotesApi", "QuotesApi\QuotesApi.csproj", "{73316C16-FB5E-490E-8234-4110737B62B9}"
EndProject
Global
	GlobalSection(SolutionConfigurationPlatforms) = preSolution
		Debug|Any CPU = Debug|Any CPU
		Release|Any CPU = Release|Any CPU
	EndGlobalSection
	GlobalSection(ProjectConfigurationPlatforms) = postSolution
		{73316C16-FB5E-490E-8234-4110737B62B9}.Debug|Any CPU.ActiveCfg = Debug|Any CPU
		{73316C16-FB5E-490E-8234-4110737B62B9}.Debug|Any CPU.Build.0 = Debug|Any CPU
		{73316C16-FB5E-490E-8234-4110737B62B9}.Release|Any CPU.ActiveCfg = Release|Any CPU
		{73316C16-FB5E-490E-8234-4110737B62B9}.Release|Any CPU.Build.0 = Release|Any CPU
	EndGlobalSection
	GlobalSection(SolutionProperties) = preSolution
		HideSolutionNode = FALSE
	EndGlobalSection
	GlobalSection(ExtensibilityGlobals) = postSolution
		SolutionGuid = {0D853E47-B7B0-437A-A63A-C6D3D27C2A23}
	EndGlobalSection
EndGlobal
